
Microsoft Visual Studio Solution File, Format Version 12.00
# Visual Studio Version 17
VisualStudioVersion = 17.8.34309.116
MinimumVisualStudioVersion = 10.0.40219.1
Project("{FAE04EC0-301F-11D3-BF4B-00C04F79EFBC}") = "CQRS-Demo.Domain", "CQRS-Demo.Domain\CQRS-Demo.Domain.csproj", "{D255BAAC-C763-4DC0-93AD-A728A10D13C2}"
EndProject
Project("{FAE04EC0-301F-11D3-BF4B-00C04F79EFBC}") = "CQRS-Demo.Application", "CQRS-Demo.Application\CQRS-Demo.Application.csproj", "{49E0A8D8-A767-4FF0-8C3B-8396037083E1}"
EndProject
Project("{FAE04EC0-301F-11D3-BF4B-00C04F79EFBC}") = "CQRS-Demo.Infrastructure", "CQRS-Demo.Infrastructure\CQRS-Demo.Infrastructure.csproj", "{3EC9D2DE-E6E5-4390-88C4-D15B1B37CDDA}"
EndProject
Project("{FAE04EC0-301F-11D3-BF4B-00C04F79EFBC}") = "CQRS-Demo.CrossCutting", "CQRS-Demo.CrossCutting\CQRS-Demo.CrossCutting.csproj", "{12858933-404B-4B0B-B442-67E2200FE043}"
EndProject
Project("{FAE04EC0-301F-11D3-BF4B-00C04F79EFBC}") = "CQRS-Demo.API", "CQRS-Demo.API\CQRS-Demo.API.csproj", "{8CDD716F-84CF-4DAB-B8F4-E1A7BAEDA662}"
EndProject
Global
	GlobalSection(SolutionConfigurationPlatforms) = preSolution
		Debug|Any CPU = Debug|Any CPU
		Release|Any CPU = Release|Any CPU
	EndGlobalSection
	GlobalSection(ProjectConfigurationPlatforms) = postSolution
		{D255BAAC-C763-4DC0-93AD-A728A10D13C2}.Debug|Any CPU.ActiveCfg = Debug|Any CPU
		{D255BAAC-C763-4DC0-93AD-A728A10D13C2}.Debug|Any CPU.Build.0 = Debug|Any CPU
		{D255BAAC-C763-4DC0-93AD-A728A10D13C2}.Release|Any CPU.ActiveCfg = Release|Any CPU
		{D255BAAC-C763-4DC0-93AD-A728A10D13C2}.Release|Any CPU.Build.0 = Release|Any CPU
		{49E0A8D8-A767-4FF0-8C3B-8396037083E1}.Debug|Any CPU.ActiveCfg = Debug|Any CPU
		{49E0A8D8-A767-4FF0-8C3B-8396037083E1}.Debug|Any CPU.Build.0 = Debug|Any CPU
		{49E0A8D8-A767-4FF0-8C3B-8396037083E1}.Release|Any CPU.ActiveCfg = Release|Any CPU
		{49E0A8D8-A767-4FF0-8C3B-8396037083E1}.Release|Any CPU.Build.0 = Release|Any CPU
		{3EC9D2DE-E6E5-4390-88C4-D15B1B37CDDA}.Debug|Any CPU.ActiveCfg = Debug|Any CPU
		{3EC9D2DE-E6E5-4390-88C4-D15B1B37CDDA}.Debug|Any CPU.Build.0 = Debug|Any CPU
		{3EC9D2DE-E6E5-4390-88C4-D15B1B37CDDA}.Release|Any CPU.ActiveCfg = Release|Any CPU
		{3EC9D2DE-E6E5-4390-88C4-D15B1B37CDDA}.Release|Any CPU.Build.0 = Release|Any CPU
		{12858933-404B-4B0B-B442-67E2200FE043}.Debug|Any CPU.ActiveCfg = Debug|Any CPU
		{12858933-404B-4B0B-B442-67E2200FE043}.Debug|Any CPU.Build.0 = Debug|Any CPU
		{12858933-404B-4B0B-B442-67E2200FE043}.Release|Any CPU.ActiveCfg = Release|Any CPU
		{12858933-404B-4B0B-B442-67E2200FE043}.Release|Any CPU.Build.0 = Release|Any CPU
		{8CDD716F-84CF-4DAB-B8F4-E1A7BAEDA662}.Debug|Any CPU.ActiveCfg = Debug|Any CPU
		{8CDD716F-84CF-4DAB-B8F4-E1A7BAEDA662}.Debug|Any CPU.Build.0 = Debug|Any CPU
		{8CDD716F-84CF-4DAB-B8F4-E1A7BAEDA662}.Release|Any CPU.ActiveCfg = Release|Any CPU
		{8CDD716F-84CF-4DAB-B8F4-E1A7BAEDA662}.Release|Any CPU.Build.0 = Release|Any CPU
	EndGlobalSection
	GlobalSection(SolutionProperties) = preSolution
		HideSolutionNode = FALSE
	EndGlobalSection
	GlobalSection(ExtensibilityGlobals) = postSolution
		SolutionGuid = {CB11E5D0-77A0-4AFB-A9D8-5F2CFEA426A0}
	EndGlobalSection
EndGlobal
